
Microsoft Visual Studio Solution File, Format Version 12.00
# Visual Studio Version 16
VisualStudioVersion = 16.0.32228.343
MinimumVisualStudioVersion = 10.0.40219.1
Project("{FAE04EC0-301F-11D3-BF4B-00C04F79EFBC}") = "FavStack", "FavStack\FavStack.csproj", "{21B5DBE7-2903-47F2-B7E8-171BED7EA758}"
EndProject
Global
	GlobalSection(SolutionConfigurationPlatforms) = preSolution
		Debug|Any CPU = Debug|Any CPU
		Release|Any CPU = Release|Any CPU
	EndGlobalSection
	GlobalSection(ProjectConfigurationPlatforms) = postSolution
		{21B5DBE7-2903-47F2-B7E8-171BED7EA758}.Debug|Any CPU.ActiveCfg = Debug|Any CPU
		{21B5DBE7-2903-47F2-B7E8-171BED7EA758}.Debug|Any CPU.Build.0 = Debug|Any CPU
		{21B5DBE7-2903-47F2-B7E8-171BED7EA758}.Release|Any CPU.ActiveCfg = Release|Any CPU
		{21B5DBE7-2903-47F2-B7E8-171BED7EA758}.Release|Any CPU.Build.0 = Release|Any CPU
	EndGlobalSection
	GlobalSection(SolutionProperties) = preSolution
		HideSolutionNode = FALSE
	EndGlobalSection
	GlobalSection(ExtensibilityGlobals) = postSolution
		SolutionGuid = {BF27D0EB-9C5F-496F-9571-60A4A3CDC573}
	EndGlobalSection
EndGlobal
